
Microsoft Visual Studio Solution File, Format Version 12.00
# Visual Studio 15
VisualStudioVersion = 15.0.28307.902
MinimumVisualStudioVersion = 10.0.40219.1
Project("{FAE04EC0-301F-11D3-BF4B-00C04F79EFBC}") = "DictSnippetsPlurialsight", "DictSnippetsPlurialsight\DictSnippetsPlurialsight.csproj", "{4AAEC06E-DD34-4CBA-B148-47A90171A7AA}"
EndProject
Global
	GlobalSection(SolutionConfigurationPlatforms) = preSolution
		Debug|Any CPU = Debug|Any CPU
		Release|Any CPU = Release|Any CPU
	EndGlobalSection
	GlobalSection(ProjectConfigurationPlatforms) = postSolution
		{4AAEC06E-DD34-4CBA-B148-47A90171A7AA}.Debug|Any CPU.ActiveCfg = Debug|Any CPU
		{4AAEC06E-DD34-4CBA-B148-47A90171A7AA}.Debug|Any CPU.Build.0 = Debug|Any CPU
		{4AAEC06E-DD34-4CBA-B148-47A90171A7AA}.Release|Any CPU.ActiveCfg = Release|Any CPU
		{4AAEC06E-DD34-4CBA-B148-47A90171A7AA}.Release|Any CPU.Build.0 = Release|Any CPU
	EndGlobalSection
	GlobalSection(SolutionProperties) = preSolution
		HideSolutionNode = FALSE
	EndGlobalSection
	GlobalSection(ExtensibilityGlobals) = postSolution
		SolutionGuid = {FE150020-D6BB-4724-A4F9-BA75A0703195}
	EndGlobalSection
EndGlobal
